// !$*UTF8*$!
{
	archiveVersion = 1;
	classes = {
	};
	objectVersion = 55;
	objects = {

/* Begin PBXBuildFile section */
		DFAC17FE27951501000E7EE2 /* TaskManagerApp.swift in Sources */ = {isa = PBXBuildFile; fileRef = DFAC17FD27951501000E7EE2 /* TaskManagerApp.swift */; };
		DFAC180027951501000E7EE2 /* ContentView.swift in Sources */ = {isa = PBXBuildFile; fileRef = DFAC17FF27951501000E7EE2 /* ContentView.swift */; };
		DFAC180227951503000E7EE2 /* Assets.xcassets in Resources */ = {isa = PBXBuildFile; fileRef = DFAC180127951503000E7EE2 /* Assets.xcassets */; };
		DFAC180527951503000E7EE2 /* Preview Assets.xcassets in Resources */ = {isa = PBXBuildFile; fileRef = DFAC180427951503000E7EE2 /* Preview Assets.xcassets */; };
		DFAC180F27951504000E7EE2 /* TaskManagerTests.swift in Sources */ = {isa = PBXBuildFile; fileRef = DFAC180E27951504000E7EE2 /* TaskManagerTests.swift */; };
		DFAC181927951504000E7EE2 /* TaskManagerUITests.swift in Sources */ = {isa = PBXBuildFile; fileRef = DFAC181827951504000E7EE2 /* TaskManagerUITests.swift */; };
		DFAC181B27951504000E7EE2 /* TaskManagerUITestsLaunchTests.swift in Sources */ = {isa = PBXBuildFile; fileRef = DFAC181A27951504000E7EE2 /* TaskManagerUITestsLaunchTests.swift */; };
		DFAC182B2795153C000E7EE2 /* AppCore in Frameworks */ = {isa = PBXBuildFile; productRef = DFAC182A2795153C000E7EE2 /* AppCore */; };
		DFAC182D2795153C000E7EE2 /* Models in Frameworks */ = {isa = PBXBuildFile; productRef = DFAC182C2795153C000E7EE2 /* Models */; };
		DFAC183027951625000E7EE2 /* ComposableArchitecture in Frameworks */ = {isa = PBXBuildFile; productRef = DFAC182F27951625000E7EE2 /* ComposableArchitecture */; };
		DFAC18322797229D000E7EE2 /* AddProject.swift in Sources */ = {isa = PBXBuildFile; fileRef = DFAC18312797229D000E7EE2 /* AddProject.swift */; };
		DFB17B5E27974B650005BE54 /* TasksView.swift in Sources */ = {isa = PBXBuildFile; fileRef = DFB17B5D27974B650005BE54 /* TasksView.swift */; };
		DFB17B6027974F710005BE54 /* AddTask.swift in Sources */ = {isa = PBXBuildFile; fileRef = DFB17B5F27974F710005BE54 /* AddTask.swift */; };
		DFB17B622798AF640005BE54 /* TaskRow.swift in Sources */ = {isa = PBXBuildFile; fileRef = DFB17B612798AF640005BE54 /* TaskRow.swift */; };
/* End PBXBuildFile section */

/* Begin PBXContainerItemProxy section */
		DFAC180B27951503000E7EE2 /* PBXContainerItemProxy */ = {
			isa = PBXContainerItemProxy;
			containerPortal = DFAC17F227951501000E7EE2 /* Project object */;
			proxyType = 1;
			remoteGlobalIDString = DFAC17F927951501000E7EE2;
			remoteInfo = TaskManager;
		};
		DFAC181527951504000E7EE2 /* PBXContainerItemProxy */ = {
			isa = PBXContainerItemProxy;
			containerPortal = DFAC17F227951501000E7EE2 /* Project object */;
			proxyType = 1;
			remoteGlobalIDString = DFAC17F927951501000E7EE2;
			remoteInfo = TaskManager;
		};
/* End PBXContainerItemProxy section */

/* Begin PBXFileReference section */
		DFAC17FA27951501000E7EE2 /* TaskManager.app */ = {isa = PBXFileReference; explicitFileType = wrapper.application; includeInIndex = 0; path = TaskManager.app; sourceTree = BUILT_PRODUCTS_DIR; };
		DFAC17FD27951501000E7EE2 /* TaskManagerApp.swift */ = {isa = PBXFileReference; lastKnownFileType = sourcecode.swift; path = TaskManagerApp.swift; sourceTree = "<group>"; };
		DFAC17FF27951501000E7EE2 /* ContentView.swift */ = {isa = PBXFileReference; lastKnownFileType = sourcecode.swift; path = ContentView.swift; sourceTree = "<group>"; };
		DFAC180127951503000E7EE2 /* Assets.xcassets */ = {isa = PBXFileReference; lastKnownFileType = folder.assetcatalog; path = Assets.xcassets; sourceTree = "<group>"; };
		DFAC180427951503000E7EE2 /* Preview Assets.xcassets */ = {isa = PBXFileReference; lastKnownFileType = folder.assetcatalog; path = "Preview Assets.xcassets"; sourceTree = "<group>"; };
		DFAC180A27951503000E7EE2 /* TaskManagerTests.xctest */ = {isa = PBXFileReference; explicitFileType = wrapper.cfbundle; includeInIndex = 0; path = TaskManagerTests.xctest; sourceTree = BUILT_PRODUCTS_DIR; };
		DFAC180E27951504000E7EE2 /* TaskManagerTests.swift */ = {isa = PBXFileReference; lastKnownFileType = sourcecode.swift; path = TaskManagerTests.swift; sourceTree = "<group>"; };
		DFAC181427951504000E7EE2 /* TaskManagerUITests.xctest */ = {isa = PBXFileReference; explicitFileType = wrapper.cfbundle; includeInIndex = 0; path = TaskManagerUITests.xctest; sourceTree = BUILT_PRODUCTS_DIR; };
		DFAC181827951504000E7EE2 /* TaskManagerUITests.swift */ = {isa = PBXFileReference; lastKnownFileType = sourcecode.swift; path = TaskManagerUITests.swift; sourceTree = "<group>"; };
		DFAC181A27951504000E7EE2 /* TaskManagerUITestsLaunchTests.swift */ = {isa = PBXFileReference; lastKnownFileType = sourcecode.swift; path = TaskManagerUITestsLaunchTests.swift; sourceTree = "<group>"; };
		DFAC182827951526000E7EE2 /* TaskManagerAppKit */ = {isa = PBXFileReference; lastKnownFileType = wrapper; name = TaskManagerAppKit; path = ../TaskManagerAppKit; sourceTree = "<group>"; };
		DFAC18312797229D000E7EE2 /* AddProject.swift */ = {isa = PBXFileReference; lastKnownFileType = sourcecode.swift; path = AddProject.swift; sourceTree = "<group>"; };
		DFB17B5D27974B650005BE54 /* TasksView.swift */ = {isa = PBXFileReference; lastKnownFileType = sourcecode.swift; path = TasksView.swift; sourceTree = "<group>"; };
		DFB17B5F27974F710005BE54 /* AddTask.swift */ = {isa = PBXFileReference; lastKnownFileType = sourcecode.swift; path = AddTask.swift; sourceTree = "<group>"; };
		DFB17B612798AF640005BE54 /* TaskRow.swift */ = {isa = PBXFileReference; lastKnownFileType = sourcecode.swift; path = TaskRow.swift; sourceTree = "<group>"; };
/* End PBXFileReference section */

/* Begin PBXFrameworksBuildPhase section */
		DFAC17F727951501000E7EE2 /* Frameworks */ = {
			isa = PBXFrameworksBuildPhase;
			buildActionMask = 2147483647;
			files = (
				DFAC182D2795153C000E7EE2 /* Models in Frameworks */,
				DFAC182B2795153C000E7EE2 /* AppCore in Frameworks */,
				DFAC183027951625000E7EE2 /* ComposableArchitecture in Frameworks */,
			);
			runOnlyForDeploymentPostprocessing = 0;
		};
		DFAC180727951503000E7EE2 /* Frameworks */ = {
			isa = PBXFrameworksBuildPhase;
			buildActionMask = 2147483647;
			files = (
			);
			runOnlyForDeploymentPostprocessing = 0;
		};
		DFAC181127951504000E7EE2 /* Frameworks */ = {
			isa = PBXFrameworksBuildPhase;
			buildActionMask = 2147483647;
			files = (
			);
			runOnlyForDeploymentPostprocessing = 0;
		};
/* End PBXFrameworksBuildPhase section */

/* Begin PBXGroup section */
		DFAC17F127951501000E7EE2 = {
			isa = PBXGroup;
			children = (
				DFAC182727951525000E7EE2 /* Packages */,
				DFAC17FC27951501000E7EE2 /* TaskManager */,
				DFAC180D27951503000E7EE2 /* TaskManagerTests */,
				DFAC181727951504000E7EE2 /* TaskManagerUITests */,
				DFAC17FB27951501000E7EE2 /* Products */,
				DFAC18292795153C000E7EE2 /* Frameworks */,
			);
			sourceTree = "<group>";
		};
		DFAC17FB27951501000E7EE2 /* Products */ = {
			isa = PBXGroup;
			children = (
				DFAC17FA27951501000E7EE2 /* TaskManager.app */,
				DFAC180A27951503000E7EE2 /* TaskManagerTests.xctest */,
				DFAC181427951504000E7EE2 /* TaskManagerUITests.xctest */,
			);
			name = Products;
			sourceTree = "<group>";
		};
		DFAC17FC27951501000E7EE2 /* TaskManager */ = {
			isa = PBXGroup;
			children = (
				DFAC17FD27951501000E7EE2 /* TaskManagerApp.swift */,
				DFAC17FF27951501000E7EE2 /* ContentView.swift */,
				DFAC180127951503000E7EE2 /* Assets.xcassets */,
				DFAC180327951503000E7EE2 /* Preview Content */,
				DFAC18312797229D000E7EE2 /* AddProject.swift */,
				DFB17B5D27974B650005BE54 /* TasksView.swift */,
				DFB17B5F27974F710005BE54 /* AddTask.swift */,
				DFB17B612798AF640005BE54 /* TaskRow.swift */,
			);
			path = TaskManager;
			sourceTree = "<group>";
		};
		DFAC180327951503000E7EE2 /* Preview Content */ = {
			isa = PBXGroup;
			children = (
				DFAC180427951503000E7EE2 /* Preview Assets.xcassets */,
			);
			path = "Preview Content";
			sourceTree = "<group>";
		};
		DFAC180D27951503000E7EE2 /* TaskManagerTests */ = {
			isa = PBXGroup;
			children = (
				DFAC180E27951504000E7EE2 /* TaskManagerTests.swift */,
			);
			path = TaskManagerTests;
			sourceTree = "<group>";
		};
		DFAC181727951504000E7EE2 /* TaskManagerUITests */ = {
			isa = PBXGroup;
			children = (
				DFAC181827951504000E7EE2 /* TaskManagerUITests.swift */,
				DFAC181A27951504000E7EE2 /* TaskManagerUITestsLaunchTests.swift */,
			);
			path = TaskManagerUITests;
			sourceTree = "<group>";
		};
		DFAC182727951525000E7EE2 /* Packages */ = {
			isa = PBXGroup;
			children = (
				DFAC182827951526000E7EE2 /* TaskManagerAppKit */,
			);
			name = Packages;
			sourceTree = "<group>";
		};
		DFAC18292795153C000E7EE2 /* Frameworks */ = {
			isa = PBXGroup;
			children = (
			);
			name = Frameworks;
			sourceTree = "<group>";
		};
/* End PBXGroup section */

/* Begin PBXNativeTarget section */
		DFAC17F927951501000E7EE2 /* TaskManager */ = {
			isa = PBXNativeTarget;
			buildConfigurationList = DFAC181E27951504000E7EE2 /* Build configuration list for PBXNativeTarget "TaskManager" */;
			buildPhases = (
				DFAC17F627951501000E7EE2 /* Sources */,
				DFAC17F727951501000E7EE2 /* Frameworks */,
				DFAC17F827951501000E7EE2 /* Resources */,
			);
			buildRules = (
			);
			dependencies = (
			);
			name = TaskManager;
			packageProductDependencies = (
				DFAC182A2795153C000E7EE2 /* AppCore */,
				DFAC182C2795153C000E7EE2 /* Models */,
				DFAC182F27951625000E7EE2 /* ComposableArchitecture */,
			);
			productName = TaskManager;
			productReference = DFAC17FA27951501000E7EE2 /* TaskManager.app */;
			productType = "com.apple.product-type.application";
		};
		DFAC180927951503000E7EE2 /* TaskManagerTests */ = {
			isa = PBXNativeTarget;
			buildConfigurationList = DFAC182127951504000E7EE2 /* Build configuration list for PBXNativeTarget "TaskManagerTests" */;
			buildPhases = (
				DFAC180627951503000E7EE2 /* Sources */,
				DFAC180727951503000E7EE2 /* Frameworks */,
				DFAC180827951503000E7EE2 /* Resources */,
			);
			buildRules = (
			);
			dependencies = (
				DFAC180C27951503000E7EE2 /* PBXTargetDependency */,
			);
			name = TaskManagerTests;
			productName = TaskManagerTests;
			productReference = DFAC180A27951503000E7EE2 /* TaskManagerTests.xctest */;
			productType = "com.apple.product-type.bundle.unit-test";
		};
		DFAC181327951504000E7EE2 /* TaskManagerUITests */ = {
			isa = PBXNativeTarget;
			buildConfigurationList = DFAC182427951504000E7EE2 /* Build configuration list for PBXNativeTarget "TaskManagerUITests" */;
			buildPhases = (
				DFAC181027951504000E7EE2 /* Sources */,
				DFAC181127951504000E7EE2 /* Frameworks */,
				DFAC181227951504000E7EE2 /* Resources */,
			);
			buildRules = (
			);
			dependencies = (
				DFAC181627951504000E7EE2 /* PBXTargetDependency */,
			);
			name = TaskManagerUITests;
			productName = TaskManagerUITests;
			productReference = DFAC181427951504000E7EE2 /* TaskManagerUITests.xctest */;
			productType = "com.apple.product-type.bundle.ui-testing";
		};
/* End PBXNativeTarget section */

/* Begin PBXProject section */
		DFAC17F227951501000E7EE2 /* Project object */ = {
			isa = PBXProject;
			attributes = {
				BuildIndependentTargetsInParallel = 1;
				LastSwiftUpdateCheck = 1320;
				LastUpgradeCheck = 1320;
				TargetAttributes = {
					DFAC17F927951501000E7EE2 = {
						CreatedOnToolsVersion = 13.2;
					};
					DFAC180927951503000E7EE2 = {
						CreatedOnToolsVersion = 13.2;
						TestTargetID = DFAC17F927951501000E7EE2;
					};
					DFAC181327951504000E7EE2 = {
						CreatedOnToolsVersion = 13.2;
						TestTargetID = DFAC17F927951501000E7EE2;
					};
				};
			};
			buildConfigurationList = DFAC17F527951501000E7EE2 /* Build configuration list for PBXProject "TaskManager" */;
			compatibilityVersion = "Xcode 13.0";
			developmentRegion = en;
			hasScannedForEncodings = 0;
			knownRegions = (
				en,
				Base,
			);
			mainGroup = DFAC17F127951501000E7EE2;
			packageReferences = (
				DFAC182E27951625000E7EE2 /* XCRemoteSwiftPackageReference "swift-composable-architecture" */,
			);
			productRefGroup = DFAC17FB27951501000E7EE2 /* Products */;
			projectDirPath = "";
			projectRoot = "";
			targets = (
				DFAC17F927951501000E7EE2 /* TaskManager */,
				DFAC180927951503000E7EE2 /* TaskManagerTests */,
				DFAC181327951504000E7EE2 /* TaskManagerUITests */,
			);
		};
/* End PBXProject section */

/* Begin PBXResourcesBuildPhase section */
		DFAC17F827951501000E7EE2 /* Resources */ = {
			isa = PBXResourcesBuildPhase;
			buildActionMask = 2147483647;
			files = (
				DFAC180527951503000E7EE2 /* Preview Assets.xcassets in Resources */,
				DFAC180227951503000E7EE2 /* Assets.xcassets in Resources */,
			);
			runOnlyForDeploymentPostprocessing = 0;
		};
		DFAC180827951503000E7EE2 /* Resources */ = {
			isa = PBXResourcesBuildPhase;
			buildActionMask = 2147483647;
			files = (
			);
			runOnlyForDeploymentPostprocessing = 0;
		};
		DFAC181227951504000E7EE2 /* Resources */ = {
			isa = PBXResourcesBuildPhase;
			buildActionMask = 2147483647;
			files = (
			);
			runOnlyForDeploymentPostprocessing = 0;
		};
/* End PBXResourcesBuildPhase section */

/* Begin PBXSourcesBuildPhase section */
		DFAC17F627951501000E7EE2 /* Sources */ = {
			isa = PBXSourcesBuildPhase;
			buildActionMask = 2147483647;
			files = (
				DFAC18322797229D000E7EE2 /* AddProject.swift in Sources */,
				DFB17B6027974F710005BE54 /* AddTask.swift in Sources */,
				DFAC180027951501000E7EE2 /* ContentView.swift in Sources */,
				DFB17B622798AF640005BE54 /* TaskRow.swift in Sources */,
				DFAC17FE27951501000E7EE2 /* TaskManagerApp.swift in Sources */,
				DFB17B5E27974B650005BE54 /* TasksView.swift in Sources */,
			);
			runOnlyForDeploymentPostprocessing = 0;
		};
		DFAC180627951503000E7EE2 /* Sources */ = {
			isa = PBXSourcesBuildPhase;
			buildActionMask = 2147483647;
			files = (
				DFAC180F27951504000E7EE2 /* TaskManagerTests.swift in Sources */,
			);
			runOnlyForDeploymentPostprocessing = 0;
		};
		DFAC181027951504000E7EE2 /* Sources */ = {
			isa = PBXSourcesBuildPhase;
			buildActionMask = 2147483647;
			files = (
				DFAC181927951504000E7EE2 /* TaskManagerUITests.swift in Sources */,
				DFAC181B27951504000E7EE2 /* TaskManagerUITestsLaunchTests.swift in Sources */,
			);
			runOnlyForDeploymentPostprocessing = 0;
		};
/* End PBXSourcesBuildPhase section */

/* Begin PBXTargetDependency section */
		DFAC180C27951503000E7EE2 /* PBXTargetDependency */ = {
			isa = PBXTargetDependency;
			target = DFAC17F927951501000E7EE2 /* TaskManager */;
			targetProxy = DFAC180B27951503000E7EE2 /* PBXContainerItemProxy */;
		};
		DFAC181627951504000E7EE2 /* PBXTargetDependency */ = {
			isa = PBXTargetDependency;
			target = DFAC17F927951501000E7EE2 /* TaskManager */;
			targetProxy = DFAC181527951504000E7EE2 /* PBXContainerItemProxy */;
		};
/* End PBXTargetDependency section */

/* Begin XCBuildConfiguration section */
		DFAC181C27951504000E7EE2 /* Debug */ = {
			isa = XCBuildConfiguration;
			buildSettings = {
				ALWAYS_SEARCH_USER_PATHS = NO;
				CLANG_ANALYZER_NONNULL = YES;
				CLANG_ANALYZER_NUMBER_OBJECT_CONVERSION = YES_AGGRESSIVE;
				CLANG_CXX_LANGUAGE_STANDARD = "gnu++17";
				CLANG_CXX_LIBRARY = "libc++";
				CLANG_ENABLE_MODULES = YES;
				CLANG_ENABLE_OBJC_ARC = YES;
				CLANG_ENABLE_OBJC_WEAK = YES;
				CLANG_WARN_BLOCK_CAPTURE_AUTORELEASING = YES;
				CLANG_WARN_BOOL_CONVERSION = YES;
				CLANG_WARN_COMMA = YES;
				CLANG_WARN_CONSTANT_CONVERSION = YES;
				CLANG_WARN_DEPRECATED_OBJC_IMPLEMENTATIONS = YES;
				CLANG_WARN_DIRECT_OBJC_ISA_USAGE = YES_ERROR;
				CLANG_WARN_DOCUMENTATION_COMMENTS = YES;
				CLANG_WARN_EMPTY_BODY = YES;
				CLANG_WARN_ENUM_CONVERSION = YES;
				CLANG_WARN_INFINITE_RECURSION = YES;
				CLANG_WARN_INT_CONVERSION = YES;
				CLANG_WARN_NON_LITERAL_NULL_CONVERSION = YES;
				CLANG_WARN_OBJC_IMPLICIT_RETAIN_SELF = YES;
				CLANG_WARN_OBJC_LITERAL_CONVERSION = YES;
				CLANG_WARN_OBJC_ROOT_CLASS = YES_ERROR;
				CLANG_WARN_QUOTED_INCLUDE_IN_FRAMEWORK_HEADER = YES;
				CLANG_WARN_RANGE_LOOP_ANALYSIS = YES;
				CLANG_WARN_STRICT_PROTOTYPES = YES;
				CLANG_WARN_SUSPICIOUS_MOVE = YES;
				CLANG_WARN_UNGUARDED_AVAILABILITY = YES_AGGRESSIVE;
				CLANG_WARN_UNREACHABLE_CODE = YES;
				CLANG_WARN__DUPLICATE_METHOD_MATCH = YES;
				COPY_PHASE_STRIP = NO;
				DEBUG_INFORMATION_FORMAT = dwarf;
				ENABLE_STRICT_OBJC_MSGSEND = YES;
				ENABLE_TESTABILITY = YES;
				GCC_C_LANGUAGE_STANDARD = gnu11;
				GCC_DYNAMIC_NO_PIC = NO;
				GCC_NO_COMMON_BLOCKS = YES;
				GCC_OPTIMIZATION_LEVEL = 0;
				GCC_PREPROCESSOR_DEFINITIONS = (
					"DEBUG=1",
					"$(inherited)",
				);
				GCC_WARN_64_TO_32_BIT_CONVERSION = YES;
				GCC_WARN_ABOUT_RETURN_TYPE = YES_ERROR;
				GCC_WARN_UNDECLARED_SELECTOR = YES;
				GCC_WARN_UNINITIALIZED_AUTOS = YES_AGGRESSIVE;
				GCC_WARN_UNUSED_FUNCTION = YES;
				GCC_WARN_UNUSED_VARIABLE = YES;
				IPHONEOS_DEPLOYMENT_TARGET = 15.2;
				MTL_ENABLE_DEBUG_INFO = INCLUDE_SOURCE;
				MTL_FAST_MATH = YES;
				ONLY_ACTIVE_ARCH = YES;
				SDKROOT = iphoneos;
				SWIFT_ACTIVE_COMPILATION_CONDITIONS = DEBUG;
				SWIFT_OPTIMIZATION_LEVEL = "-Onone";
			};
			name = Debug;
		};
		DFAC181D27951504000E7EE2 /* Release */ = {
			isa = XCBuildConfiguration;
			buildSettings = {
				ALWAYS_SEARCH_USER_PATHS = NO;
				CLANG_ANALYZER_NONNULL = YES;
				CLANG_ANALYZER_NUMBER_OBJECT_CONVERSION = YES_AGGRESSIVE;
				CLANG_CXX_LANGUAGE_STANDARD = "gnu++17";
				CLANG_CXX_LIBRARY = "libc++";
				CLANG_ENABLE_MODULES = YES;
				CLANG_ENABLE_OBJC_ARC = YES;
				CLANG_ENABLE_OBJC_WEAK = YES;
				CLANG_WARN_BLOCK_CAPTURE_AUTORELEASING = YES;
				CLANG_WARN_BOOL_CONVERSION = YES;
				CLANG_WARN_COMMA = YES;
				CLANG_WARN_CONSTANT_CONVERSION = YES;
				CLANG_WARN_DEPRECATED_OBJC_IMPLEMENTATIONS = YES;
				CLANG_WARN_DIRECT_OBJC_ISA_USAGE = YES_ERROR;
				CLANG_WARN_DOCUMENTATION_COMMENTS = YES;
				CLANG_WARN_EMPTY_BODY = YES;
				CLANG_WARN_ENUM_CONVERSION = YES;
				CLANG_WARN_INFINITE_RECURSION = YES;
				CLANG_WARN_INT_CONVERSION = YES;
				CLANG_WARN_NON_LITERAL_NULL_CONVERSION = YES;
				CLANG_WARN_OBJC_IMPLICIT_RETAIN_SELF = YES;
				CLANG_WARN_OBJC_LITERAL_CONVERSION = YES;
				CLANG_WARN_OBJC_ROOT_CLASS = YES_ERROR;
				CLANG_WARN_QUOTED_INCLUDE_IN_FRAMEWORK_HEADER = YES;
				CLANG_WARN_RANGE_LOOP_ANALYSIS = YES;
				CLANG_WARN_STRICT_PROTOTYPES = YES;
				CLANG_WARN_SUSPICIOUS_MOVE = YES;
				CLANG_WARN_UNGUARDED_AVAILABILITY = YES_AGGRESSIVE;
				CLANG_WARN_UNREACHABLE_CODE = YES;
				CLANG_WARN__DUPLICATE_METHOD_MATCH = YES;
				COPY_PHASE_STRIP = NO;
				DEBUG_INFORMATION_FORMAT = "dwarf-with-dsym";
				ENABLE_NS_ASSERTIONS = NO;
				ENABLE_STRICT_OBJC_MSGSEND = YES;
				GCC_C_LANGUAGE_STANDARD = gnu11;
				GCC_NO_COMMON_BLOCKS = YES;
				GCC_WARN_64_TO_32_BIT_CONVERSION = YES;
				GCC_WARN_ABOUT_RETURN_TYPE = YES_ERROR;
				GCC_WARN_UNDECLARED_SELECTOR = YES;
				GCC_WARN_UNINITIALIZED_AUTOS = YES_AGGRESSIVE;
				GCC_WARN_UNUSED_FUNCTION = YES;
				GCC_WARN_UNUSED_VARIABLE = YES;
				IPHONEOS_DEPLOYMENT_TARGET = 15.2;
				MTL_ENABLE_DEBUG_INFO = NO;
				MTL_FAST_MATH = YES;
				SDKROOT = iphoneos;
				SWIFT_COMPILATION_MODE = wholemodule;
				SWIFT_OPTIMIZATION_LEVEL = "-O";
				VALIDATE_PRODUCT = YES;
			};
			name = Release;
		};
		DFAC181F27951504000E7EE2 /* Debug */ = {
			isa = XCBuildConfiguration;
			buildSettings = {
				ASSETCATALOG_COMPILER_APPICON_NAME = AppIcon;
				ASSETCATALOG_COMPILER_GLOBAL_ACCENT_COLOR_NAME = AccentColor;
				CODE_SIGN_STYLE = Automatic;
				CURRENT_PROJECT_VERSION = 1;
				DEVELOPMENT_ASSET_PATHS = "\"TaskManager/Preview Content\"";
				DEVELOPMENT_TEAM = 84C29N4H5C;
				ENABLE_PREVIEWS = YES;
				GENERATE_INFOPLIST_FILE = YES;
				INFOPLIST_KEY_UIApplicationSceneManifest_Generation = YES;
				INFOPLIST_KEY_UIApplicationSupportsIndirectInputEvents = YES;
				INFOPLIST_KEY_UILaunchScreen_Generation = YES;
				INFOPLIST_KEY_UISupportedInterfaceOrientations = "";
				INFOPLIST_KEY_UISupportedInterfaceOrientations_iPad = "UIInterfaceOrientationPortrait UIInterfaceOrientationPortraitUpsideDown UIInterfaceOrientationLandscapeLeft UIInterfaceOrientationLandscapeRight";
				INFOPLIST_KEY_UISupportedInterfaceOrientations_iPhone = "UIInterfaceOrientationPortrait UIInterfaceOrientationLandscapeLeft UIInterfaceOrientationLandscapeRight";
				IPHONEOS_DEPLOYMENT_TARGET = 15.0;
				LD_RUNPATH_SEARCH_PATHS = (
					"$(inherited)",
					"@executable_path/Frameworks",
				);
				MARKETING_VERSION = 1.0;
				PRODUCT_BUNDLE_IDENTIFIER = com.slichter.TaskManager;
				PRODUCT_NAME = "$(TARGET_NAME)";
				SWIFT_EMIT_LOC_STRINGS = YES;
				SWIFT_VERSION = 5.0;
				TARGETED_DEVICE_FAMILY = "1,2";
			};
			name = Debug;
		};
		DFAC182027951504000E7EE2 /* Release */ = {
			isa = XCBuildConfiguration;
			buildSettings = {
				ASSETCATALOG_COMPILER_APPICON_NAME = AppIcon;
				ASSETCATALOG_COMPILER_GLOBAL_ACCENT_COLOR_NAME = AccentColor;
				CODE_SIGN_STYLE = Automatic;
				CURRENT_PROJECT_VERSION = 1;
				DEVELOPMENT_ASSET_PATHS = "\"TaskManager/Preview Content\"";
				DEVELOPMENT_TEAM = 84C29N4H5C;
				ENABLE_PREVIEWS = YES;
				GENERATE_INFOPLIST_FILE = YES;
				INFOPLIST_KEY_UIApplicationSceneManifest_Generation = YES;
				INFOPLIST_KEY_UIApplicationSupportsIndirectInputEvents = YES;
				INFOPLIST_KEY_UILaunchScreen_Generation = YES;
				INFOPLIST_KEY_UISupportedInterfaceOrientations = "";
				INFOPLIST_KEY_UISupportedInterfaceOrientations_iPad = "UIInterfaceOrientationPortrait UIInterfaceOrientationPortraitUpsideDown UIInterfaceOrientationLandscapeLeft UIInterfaceOrientationLandscapeRight";
				INFOPLIST_KEY_UISupportedInterfaceOrientations_iPhone = "UIInterfaceOrientationPortrait UIInterfaceOrientationLandscapeLeft UIInterfaceOrientationLandscapeRight";
				IPHONEOS_DEPLOYMENT_TARGET = 15.0;
				LD_RUNPATH_SEARCH_PATHS = (
					"$(inherited)",
					"@executable_path/Frameworks",
				);
				MARKETING_VERSION = 1.0;
				PRODUCT_BUNDLE_IDENTIFIER = com.slichter.TaskManager;
				PRODUCT_NAME = "$(TARGET_NAME)";
				SWIFT_EMIT_LOC_STRINGS = YES;
				SWIFT_VERSION = 5.0;
				TARGETED_DEVICE_FAMILY = "1,2";
			};
			name = Release;
		};
		DFAC182227951504000E7EE2 /* Debug */ = {
			isa = XCBuildConfiguration;
			buildSettings = {
				ALWAYS_EMBED_SWIFT_STANDARD_LIBRARIES = YES;
				BUNDLE_LOADER = "$(TEST_HOST)";
				CODE_SIGN_STYLE = Automatic;
				CURRENT_PROJECT_VERSION = 1;
				DEVELOPMENT_TEAM = 84C29N4H5C;
				GENERATE_INFOPLIST_FILE = YES;
				IPHONEOS_DEPLOYMENT_TARGET = 15.2;
				MARKETING_VERSION = 1.0;
				PRODUCT_BUNDLE_IDENTIFIER = com.slichter.TaskManagerTests;
				PRODUCT_NAME = "$(TARGET_NAME)";
				SWIFT_EMIT_LOC_STRINGS = NO;
				SWIFT_VERSION = 5.0;
				TARGETED_DEVICE_FAMILY = "1,2";
				TEST_HOST = "$(BUILT_PRODUCTS_DIR)/TaskManager.app/TaskManager";
			};
			name = Debug;
		};
		DFAC182327951504000E7EE2 /* Release */ = {
			isa = XCBuildConfiguration;
			buildSettings = {
				ALWAYS_EMBED_SWIFT_STANDARD_LIBRARIES = YES;
				BUNDLE_LOADER = "$(TEST_HOST)";
				CODE_SIGN_STYLE = Automatic;
				CURRENT_PROJECT_VERSION = 1;
				DEVELOPMENT_TEAM = 84C29N4H5C;
				GENERATE_INFOPLIST_FILE = YES;
				IPHONEOS_DEPLOYMENT_TARGET = 15.2;
				MARKETING_VERSION = 1.0;
				PRODUCT_BUNDLE_IDENTIFIER = com.slichter.TaskManagerTests;
				PRODUCT_NAME = "$(TARGET_NAME)";
				SWIFT_EMIT_LOC_STRINGS = NO;
				SWIFT_VERSION = 5.0;
				TARGETED_DEVICE_FAMILY = "1,2";
				TEST_HOST = "$(BUILT_PRODUCTS_DIR)/TaskManager.app/TaskManager";
			};
			name = Release;
		};
		DFAC182527951504000E7EE2 /* Debug */ = {
			isa = XCBuildConfiguration;
			buildSettings = {
				ALWAYS_EMBED_SWIFT_STANDARD_LIBRARIES = YES;
				CODE_SIGN_STYLE = Automatic;
				CURRENT_PROJECT_VERSION = 1;
				DEVELOPMENT_TEAM = 84C29N4H5C;
				GENERATE_INFOPLIST_FILE = YES;
				MARKETING_VERSION = 1.0;
				PRODUCT_BUNDLE_IDENTIFIER = com.slichter.TaskManagerUITests;
				PRODUCT_NAME = "$(TARGET_NAME)";
				SWIFT_EMIT_LOC_STRINGS = NO;
				SWIFT_VERSION = 5.0;
				TARGETED_DEVICE_FAMILY = "1,2";
				TEST_TARGET_NAME = TaskManager;
			};
			name = Debug;
		};
		DFAC182627951504000E7EE2 /* Release */ = {
			isa = XCBuildConfiguration;
			buildSettings = {
				ALWAYS_EMBED_SWIFT_STANDARD_LIBRARIES = YES;
				CODE_SIGN_STYLE = Automatic;
				CURRENT_PROJECT_VERSION = 1;
				DEVELOPMENT_TEAM = 84C29N4H5C;
				GENERATE_INFOPLIST_FILE = YES;
				MARKETING_VERSION = 1.0;
				PRODUCT_BUNDLE_IDENTIFIER = com.slichter.TaskManagerUITests;
				PRODUCT_NAME = "$(TARGET_NAME)";
				SWIFT_EMIT_LOC_STRINGS = NO;
				SWIFT_VERSION = 5.0;
				TARGETED_DEVICE_FAMILY = "1,2";
				TEST_TARGET_NAME = TaskManager;
			};
			name = Release;
		};
/* End XCBuildConfiguration section */

/* Begin XCConfigurationList section */
		DFAC17F527951501000E7EE2 /* Build configuration list for PBXProject "TaskManager" */ = {
			isa = XCConfigurationList;
			buildConfigurations = (
				DFAC181C27951504000E7EE2 /* Debug */,
				DFAC181D27951504000E7EE2 /* Release */,
			);
			defaultConfigurationIsVisible = 0;
			defaultConfigurationName = Release;
		};
		DFAC181E27951504000E7EE2 /* Build configuration list for PBXNativeTarget "TaskManager" */ = {
			isa = XCConfigurationList;
			buildConfigurations = (
				DFAC181F27951504000E7EE2 /* Debug */,
				DFAC182027951504000E7EE2 /* Release */,
			);
			defaultConfigurationIsVisible = 0;
			defaultConfigurationName = Release;
		};
		DFAC182127951504000E7EE2 /* Build configuration list for PBXNativeTarget "TaskManagerTests" */ = {
			isa = XCConfigurationList;
			buildConfigurations = (
				DFAC182227951504000E7EE2 /* Debug */,
				DFAC182327951504000E7EE2 /* Release */,
			);
			defaultConfigurationIsVisible = 0;
			defaultConfigurationName = Release;
		};
		DFAC182427951504000E7EE2 /* Build configuration list for PBXNativeTarget "TaskManagerUITests" */ = {
			isa = XCConfigurationList;
			buildConfigurations = (
				DFAC182527951504000E7EE2 /* Debug */,
				DFAC182627951504000E7EE2 /* Release */,
			);
			defaultConfigurationIsVisible = 0;
			defaultConfigurationName = Release;
		};
/* End XCConfigurationList section */

/* Begin XCRemoteSwiftPackageReference section */
		DFAC182E27951625000E7EE2 /* XCRemoteSwiftPackageReference "swift-composable-architecture" */ = {
			isa = XCRemoteSwiftPackageReference;
			repositoryURL = "https://github.com/pointfreeco/swift-composable-architecture";
			requirement = {
				branch = main;
				kind = branch;
			};
		};
/* End XCRemoteSwiftPackageReference section */

/* Begin XCSwiftPackageProductDependency section */
		DFAC182A2795153C000E7EE2 /* AppCore */ = {
			isa = XCSwiftPackageProductDependency;
			productName = AppCore;
		};
		DFAC182C2795153C000E7EE2 /* Models */ = {
			isa = XCSwiftPackageProductDependency;
			productName = Models;
		};
		DFAC182F27951625000E7EE2 /* ComposableArchitecture */ = {
			isa = XCSwiftPackageProductDependency;
			package = DFAC182E27951625000E7EE2 /* XCRemoteSwiftPackageReference "swift-composable-architecture" */;
			productName = ComposableArchitecture;
		};
/* End XCSwiftPackageProductDependency section */
	};
	rootObject = DFAC17F227951501000E7EE2 /* Project object */;
}
